
Microsoft Visual Studio Solution File, Format Version 12.00
# Visual Studio Version 17
VisualStudioVersion = 17.5.002.0
MinimumVisualStudioVersion = 10.0.40219.1
Project("{9A19103F-16F7-4668-BE54-9A1E7A4F7556}") = "InventoryManager", "InventoryManager.csproj", "{B3BB3FAC-8361-404B-8B90-4494B7F01CD4}"
EndProject
Global
	GlobalSection(SolutionConfigurationPlatforms) = preSolution
		Debug|Any CPU = Debug|Any CPU
		Release|Any CPU = Release|Any CPU
	EndGlobalSection
	GlobalSection(ProjectConfigurationPlatforms) = postSolution
		{B3BB3FAC-8361-404B-8B90-4494B7F01CD4}.Debug|Any CPU.ActiveCfg = Debug|Any CPU
		{B3BB3FAC-8361-404B-8B90-4494B7F01CD4}.Debug|Any CPU.Build.0 = Debug|Any CPU
		{B3BB3FAC-8361-404B-8B90-4494B7F01CD4}.Release|Any CPU.ActiveCfg = Release|Any CPU
		{B3BB3FAC-8361-404B-8B90-4494B7F01CD4}.Release|Any CPU.Build.0 = Release|Any CPU
	EndGlobalSection
	GlobalSection(SolutionProperties) = preSolution
		HideSolutionNode = FALSE
	EndGlobalSection
	GlobalSection(ExtensibilityGlobals) = postSolution
		SolutionGuid = {C082C782-AB2A-433C-8D2A-A18A97414DBF}
	EndGlobalSection
EndGlobal
